// !$*UTF8*$!
{
	archiveVersion = 1;
	classes = {
	};
	objectVersion = 48;
	objects = {

/* Begin PBXBuildFile section */
		9896F5B91FE02397004F0236 /* MasPluginLib.h in Headers */ = {isa = PBXBuildFile; fileRef = 9896F5B71FE02397004F0236 /* MasPluginLib.h */; settings = {ATTRIBUTES = (Public, ); }; };
		9896F5BE1FE0240D004F0236 /* MPPluginObject.h in Headers */ = {isa = PBXBuildFile; fileRef = 98D1F52E1FDD96B100AD5ECF /* MPPluginObject.h */; settings = {ATTRIBUTES = (Public, ); }; };
		9896F5BF1FE0240D004F0236 /* MPPackageWrapper.h in Headers */ = {isa = PBXBuildFile; fileRef = 98D1F52A1FDD4B7700AD5ECF /* MPPackageWrapper.h */; settings = {ATTRIBUTES = (Public, ); }; };
		9896F5C01FE0240D004F0236 /* MPAESCryptor.h in Headers */ = {isa = PBXBuildFile; fileRef = 98D1F5261FDD40B800AD5ECF /* MPAESCryptor.h */; };
		9896F5C11FE0242B004F0236 /* MPPluginObject.m in Sources */ = {isa = PBXBuildFile; fileRef = 98D1F52F1FDD96B100AD5ECF /* MPPluginObject.m */; };
		9896F5C21FE0242B004F0236 /* MPPackageWrapper.m in Sources */ = {isa = PBXBuildFile; fileRef = 98D1F52B1FDD4B7700AD5ECF /* MPPackageWrapper.m */; };
		9896F5C31FE0242B004F0236 /* MPAESCryptor.m in Sources */ = {isa = PBXBuildFile; fileRef = 98D1F5271FDD40B800AD5ECF /* MPAESCryptor.m */; };
		9896F6501FE180EE004F0236 /* MPFileAccess.m in Sources */ = {isa = PBXBuildFile; fileRef = 9896F64F1FE180EE004F0236 /* MPFileAccess.m */; };
		9896F6511FE18984004F0236 /* MPFileAccess.m in Sources */ = {isa = PBXBuildFile; fileRef = 9896F64F1FE180EE004F0236 /* MPFileAccess.m */; };
		98D1F51F1FDD3A9D00AD5ECF /* main.m in Sources */ = {isa = PBXBuildFile; fileRef = 98D1F51E1FDD3A9D00AD5ECF /* main.m */; };
		98D1F5281FDD40B800AD5ECF /* MPAESCryptor.m in Sources */ = {isa = PBXBuildFile; fileRef = 98D1F5271FDD40B800AD5ECF /* MPAESCryptor.m */; };
		98D1F52C1FDD4B7700AD5ECF /* MPPackageWrapper.m in Sources */ = {isa = PBXBuildFile; fileRef = 98D1F52B1FDD4B7700AD5ECF /* MPPackageWrapper.m */; };
		98D1F5301FDD96B100AD5ECF /* MPPluginObject.m in Sources */ = {isa = PBXBuildFile; fileRef = 98D1F52F1FDD96B100AD5ECF /* MPPluginObject.m */; };
/* End PBXBuildFile section */

/* Begin PBXCopyFilesBuildPhase section */
		98D1F5191FDD3A9D00AD5ECF /* CopyFiles */ = {
			isa = PBXCopyFilesBuildPhase;
			buildActionMask = 2147483647;
			dstPath = /usr/share/man/man1/;
			dstSubfolderSpec = 0;
			files = (
			);
			runOnlyForDeploymentPostprocessing = 1;
		};
/* End PBXCopyFilesBuildPhase section */

/* Begin PBXFileReference section */
		9896F5B51FE02397004F0236 /* MasPluginLib.framework */ = {isa = PBXFileReference; explicitFileType = wrapper.framework; includeInIndex = 0; path = MasPluginLib.framework; sourceTree = BUILT_PRODUCTS_DIR; };
		9896F5B71FE02397004F0236 /* MasPluginLib.h */ = {isa = PBXFileReference; lastKnownFileType = sourcecode.c.h; path = MasPluginLib.h; sourceTree = "<group>"; };
		9896F5B81FE02397004F0236 /* Info.plist */ = {isa = PBXFileReference; lastKnownFileType = text.plist.xml; path = Info.plist; sourceTree = "<group>"; };
		9896F64E1FE180EE004F0236 /* MPFileAccess.h */ = {isa = PBXFileReference; lastKnownFileType = sourcecode.c.h; path = MPFileAccess.h; sourceTree = "<group>"; };
		9896F64F1FE180EE004F0236 /* MPFileAccess.m */ = {isa = PBXFileReference; lastKnownFileType = sourcecode.c.objc; path = MPFileAccess.m; sourceTree = "<group>"; };
		98D1F51B1FDD3A9D00AD5ECF /* mas-plugin */ = {isa = PBXFileReference; explicitFileType = "compiled.mach-o.executable"; includeInIndex = 0; path = "mas-plugin"; sourceTree = BUILT_PRODUCTS_DIR; };
		98D1F51E1FDD3A9D00AD5ECF /* main.m */ = {isa = PBXFileReference; lastKnownFileType = sourcecode.c.objc; path = main.m; sourceTree = "<group>"; };
		98D1F5261FDD40B800AD5ECF /* MPAESCryptor.h */ = {isa = PBXFileReference; lastKnownFileType = sourcecode.c.h; path = MPAESCryptor.h; sourceTree = "<group>"; };
		98D1F5271FDD40B800AD5ECF /* MPAESCryptor.m */ = {isa = PBXFileReference; lastKnownFileType = sourcecode.c.objc; path = MPAESCryptor.m; sourceTree = "<group>"; };
		98D1F52A1FDD4B7700AD5ECF /* MPPackageWrapper.h */ = {isa = PBXFileReference; lastKnownFileType = sourcecode.c.h; path = MPPackageWrapper.h; sourceTree = "<group>"; };
		98D1F52B1FDD4B7700AD5ECF /* MPPackageWrapper.m */ = {isa = PBXFileReference; lastKnownFileType = sourcecode.c.objc; path = MPPackageWrapper.m; sourceTree = "<group>"; };
		98D1F52E1FDD96B100AD5ECF /* MPPluginObject.h */ = {isa = PBXFileReference; lastKnownFileType = sourcecode.c.h; path = MPPluginObject.h; sourceTree = "<group>"; };
		98D1F52F1FDD96B100AD5ECF /* MPPluginObject.m */ = {isa = PBXFileReference; lastKnownFileType = sourcecode.c.objc; path = MPPluginObject.m; sourceTree = "<group>"; };
/* End PBXFileReference section */

/* Begin PBXFrameworksBuildPhase section */
		9896F5B11FE02397004F0236 /* Frameworks */ = {
			isa = PBXFrameworksBuildPhase;
			buildActionMask = 2147483647;
			files = (
			);
			runOnlyForDeploymentPostprocessing = 0;
		};
		98D1F5181FDD3A9D00AD5ECF /* Frameworks */ = {
			isa = PBXFrameworksBuildPhase;
			buildActionMask = 2147483647;
			files = (
			);
			runOnlyForDeploymentPostprocessing = 0;
		};
/* End PBXFrameworksBuildPhase section */

/* Begin PBXGroup section */
		9896F5B61FE02397004F0236 /* MasPluginLib */ = {
			isa = PBXGroup;
			children = (
				9896F5B71FE02397004F0236 /* MasPluginLib.h */,
				9896F5B81FE02397004F0236 /* Info.plist */,
			);
			path = MasPluginLib;
			sourceTree = "<group>";
		};
		9896F5BD1FE0239E004F0236 /* pluginObject */ = {
			isa = PBXGroup;
			children = (
				98D1F52E1FDD96B100AD5ECF /* MPPluginObject.h */,
				98D1F52F1FDD96B100AD5ECF /* MPPluginObject.m */,
			);
			path = pluginObject;
			sourceTree = "<group>";
		};
		9896F64D1FE180BF004F0236 /* fileAccess */ = {
			isa = PBXGroup;
			children = (
				9896F64E1FE180EE004F0236 /* MPFileAccess.h */,
				9896F64F1FE180EE004F0236 /* MPFileAccess.m */,
			);
			path = fileAccess;
			sourceTree = "<group>";
		};
		98D1F5121FDD3A9D00AD5ECF = {
			isa = PBXGroup;
			children = (
				9896F64D1FE180BF004F0236 /* fileAccess */,
				9896F5BD1FE0239E004F0236 /* pluginObject */,
				98D1F5291FDD4A1500AD5ECF /* package_wrapper */,
				98D1F5251FDD3AB200AD5ECF /* algorithm */,
				98D1F51D1FDD3A9D00AD5ECF /* mas-plugin */,
				9896F5B61FE02397004F0236 /* MasPluginLib */,
				98D1F51C1FDD3A9D00AD5ECF /* Products */,
			);
			sourceTree = "<group>";
		};
		98D1F51C1FDD3A9D00AD5ECF /* Products */ = {
			isa = PBXGroup;
			children = (
				98D1F51B1FDD3A9D00AD5ECF /* mas-plugin */,
				9896F5B51FE02397004F0236 /* MasPluginLib.framework */,
			);
			name = Products;
			sourceTree = "<group>";
		};
		98D1F51D1FDD3A9D00AD5ECF /* mas-plugin */ = {
			isa = PBXGroup;
			children = (
				98D1F51E1FDD3A9D00AD5ECF /* main.m */,
			);
			path = "mas-plugin";
			sourceTree = "<group>";
		};
		98D1F5251FDD3AB200AD5ECF /* algorithm */ = {
			isa = PBXGroup;
			children = (
				98D1F5261FDD40B800AD5ECF /* MPAESCryptor.h */,
				98D1F5271FDD40B800AD5ECF /* MPAESCryptor.m */,
			);
			path = algorithm;
			sourceTree = "<group>";
		};
		98D1F5291FDD4A1500AD5ECF /* package_wrapper */ = {
			isa = PBXGroup;
			children = (
				98D1F52A1FDD4B7700AD5ECF /* MPPackageWrapper.h */,
				98D1F52B1FDD4B7700AD5ECF /* MPPackageWrapper.m */,
			);
			path = package_wrapper;
			sourceTree = "<group>";
		};
/* End PBXGroup section */

/* Begin PBXHeadersBuildPhase section */
		9896F5B21FE02397004F0236 /* Headers */ = {
			isa = PBXHeadersBuildPhase;
			buildActionMask = 2147483647;
			files = (
				9896F5B91FE02397004F0236 /* MasPluginLib.h in Headers */,
				9896F5BE1FE0240D004F0236 /* MPPluginObject.h in Headers */,
				9896F5BF1FE0240D004F0236 /* MPPackageWrapper.h in Headers */,
				9896F5C01FE0240D004F0236 /* MPAESCryptor.h in Headers */,
			);
			runOnlyForDeploymentPostprocessing = 0;
		};
/* End PBXHeadersBuildPhase section */

/* Begin PBXNativeTarget section */
		9896F5B41FE02397004F0236 /* MasPluginLib */ = {
			isa = PBXNativeTarget;
			buildConfigurationList = 9896F5BC1FE02397004F0236 /* Build configuration list for PBXNativeTarget "MasPluginLib" */;
			buildPhases = (
				9896F5B01FE02397004F0236 /* Sources */,
				9896F5B11FE02397004F0236 /* Frameworks */,
				9896F5B21FE02397004F0236 /* Headers */,
				9896F5B31FE02397004F0236 /* Resources */,
			);
			buildRules = (
			);
			dependencies = (
			);
			name = MasPluginLib;
			productName = MasPluginLib;
			productReference = 9896F5B51FE02397004F0236 /* MasPluginLib.framework */;
			productType = "com.apple.product-type.framework";
		};
		98D1F51A1FDD3A9D00AD5ECF /* mas-plugin */ = {
			isa = PBXNativeTarget;
			buildConfigurationList = 98D1F5221FDD3A9D00AD5ECF /* Build configuration list for PBXNativeTarget "mas-plugin" */;
			buildPhases = (
				98D1F5171FDD3A9D00AD5ECF /* Sources */,
				98D1F5181FDD3A9D00AD5ECF /* Frameworks */,
				98D1F5191FDD3A9D00AD5ECF /* CopyFiles */,
			);
			buildRules = (
			);
			dependencies = (
			);
			name = "mas-plugin";
			productName = "mas-plugin";
			productReference = 98D1F51B1FDD3A9D00AD5ECF /* mas-plugin */;
			productType = "com.apple.product-type.tool";
		};
/* End PBXNativeTarget section */

/* Begin PBXProject section */
		98D1F5131FDD3A9D00AD5ECF /* Project object */ = {
			isa = PBXProject;
			attributes = {
				LastUpgradeCheck = 0910;
				ORGANIZATIONNAME = Jovi;
				TargetAttributes = {
					9896F5B41FE02397004F0236 = {
						CreatedOnToolsVersion = 9.1;
						ProvisioningStyle = Automatic;
					};
					98D1F51A1FDD3A9D00AD5ECF = {
						CreatedOnToolsVersion = 9.1;
						ProvisioningStyle = Automatic;
					};
				};
			};
			buildConfigurationList = 98D1F5161FDD3A9D00AD5ECF /* Build configuration list for PBXProject "mas-plugin" */;
			compatibilityVersion = "Xcode 8.0";
			developmentRegion = en;
			hasScannedForEncodings = 0;
			knownRegions = (
				en,
			);
			mainGroup = 98D1F5121FDD3A9D00AD5ECF;
			productRefGroup = 98D1F51C1FDD3A9D00AD5ECF /* Products */;
			projectDirPath = "";
			projectRoot = "";
			targets = (
				98D1F51A1FDD3A9D00AD5ECF /* mas-plugin */,
				9896F5B41FE02397004F0236 /* MasPluginLib */,
			);
		};
/* End PBXProject section */

/* Begin PBXResourcesBuildPhase section */
		9896F5B31FE02397004F0236 /* Resources */ = {
			isa = PBXResourcesBuildPhase;
			buildActionMask = 2147483647;
			files = (
			);
			runOnlyForDeploymentPostprocessing = 0;
		};
/* End PBXResourcesBuildPhase section */

/* Begin PBXSourcesBuildPhase section */
		9896F5B01FE02397004F0236 /* Sources */ = {
			isa = PBXSourcesBuildPhase;
			buildActionMask = 2147483647;
			files = (
				9896F6511FE18984004F0236 /* MPFileAccess.m in Sources */,
				9896F5C11FE0242B004F0236 /* MPPluginObject.m in Sources */,
				9896F5C21FE0242B004F0236 /* MPPackageWrapper.m in Sources */,
				9896F5C31FE0242B004F0236 /* MPAESCryptor.m in Sources */,
			);
			runOnlyForDeploymentPostprocessing = 0;
		};
		98D1F5171FDD3A9D00AD5ECF /* Sources */ = {
			isa = PBXSourcesBuildPhase;
			buildActionMask = 2147483647;
			files = (
				98D1F5281FDD40B800AD5ECF /* MPAESCryptor.m in Sources */,
				98D1F52C1FDD4B7700AD5ECF /* MPPackageWrapper.m in Sources */,
				9896F6501FE180EE004F0236 /* MPFileAccess.m in Sources */,
				98D1F5301FDD96B100AD5ECF /* MPPluginObject.m in Sources */,
				98D1F51F1FDD3A9D00AD5ECF /* main.m in Sources */,
			);
			runOnlyForDeploymentPostprocessing = 0;
		};
/* End PBXSourcesBuildPhase section */

/* Begin XCBuildConfiguration section */
		9896F5BA1FE02397004F0236 /* Debug */ = {
			isa = XCBuildConfiguration;
			buildSettings = {
				CODE_SIGN_IDENTITY = "";
				CODE_SIGN_STYLE = Automatic;
				COMBINE_HIDPI_IMAGES = YES;
				CURRENT_PROJECT_VERSION = 1;
				DEFINES_MODULE = YES;
				DYLIB_COMPATIBILITY_VERSION = 1;
				DYLIB_CURRENT_VERSION = 1;
				DYLIB_INSTALL_NAME_BASE = "@rpath";
				FRAMEWORK_VERSION = A;
				INFOPLIST_FILE = MasPluginLib/Info.plist;
				INSTALL_PATH = "$(LOCAL_LIBRARY_DIR)/Frameworks";
				LD_RUNPATH_SEARCH_PATHS = "$(inherited) @executable_path/../Frameworks @loader_path/Frameworks";
				MACOSX_DEPLOYMENT_TARGET = 10.7;
				PRODUCT_BUNDLE_IDENTIFIER = com.HyperartFlow.MasPluginLib;
				PRODUCT_NAME = "$(TARGET_NAME:c99extidentifier)";
				SKIP_INSTALL = YES;
				VERSIONING_SYSTEM = "apple-generic";
				VERSION_INFO_PREFIX = "";
			};
			name = Debug;
		};
		9896F5BB1FE02397004F0236 /* Release */ = {
			isa = XCBuildConfiguration;
			buildSettings = {
				CODE_SIGN_IDENTITY = "";
				CODE_SIGN_STYLE = Automatic;
				COMBINE_HIDPI_IMAGES = YES;
				CURRENT_PROJECT_VERSION = 1;
				DEFINES_MODULE = YES;
				DYLIB_COMPATIBILITY_VERSION = 1;
				DYLIB_CURRENT_VERSION = 1;
				DYLIB_INSTALL_NAME_BASE = "@rpath";
				FRAMEWORK_VERSION = A;
				INFOPLIST_FILE = MasPluginLib/Info.plist;
				INSTALL_PATH = "$(LOCAL_LIBRARY_DIR)/Frameworks";
				LD_RUNPATH_SEARCH_PATHS = "$(inherited) @executable_path/../Frameworks @loader_path/Frameworks";
				MACOSX_DEPLOYMENT_TARGET = 10.7;
				PRODUCT_BUNDLE_IDENTIFIER = com.HyperartFlow.MasPluginLib;
				PRODUCT_NAME = "$(TARGET_NAME:c99extidentifier)";
				SKIP_INSTALL = YES;
				VERSIONING_SYSTEM = "apple-generic";
				VERSION_INFO_PREFIX = "";
			};
			name = Release;
		};
		98D1F5201FDD3A9D00AD5ECF /* Debug */ = {
			isa = XCBuildConfiguration;
			buildSettings = {
				ALWAYS_SEARCH_USER_PATHS = NO;
				CLANG_ANALYZER_NONNULL = YES;
				CLANG_ANALYZER_NUMBER_OBJECT_CONVERSION = YES_AGGRESSIVE;
				CLANG_CXX_LANGUAGE_STANDARD = "gnu++14";
				CLANG_CXX_LIBRARY = "libc++";
				CLANG_ENABLE_MODULES = YES;
				CLANG_ENABLE_OBJC_ARC = YES;
				CLANG_WARN_BLOCK_CAPTURE_AUTORELEASING = YES;
				CLANG_WARN_BOOL_CONVERSION = YES;
				CLANG_WARN_COMMA = YES;
				CLANG_WARN_CONSTANT_CONVERSION = YES;
				CLANG_WARN_DIRECT_OBJC_ISA_USAGE = YES_ERROR;
				CLANG_WARN_DOCUMENTATION_COMMENTS = YES;
				CLANG_WARN_EMPTY_BODY = YES;
				CLANG_WARN_ENUM_CONVERSION = YES;
				CLANG_WARN_INFINITE_RECURSION = YES;
				CLANG_WARN_INT_CONVERSION = YES;
				CLANG_WARN_NON_LITERAL_NULL_CONVERSION = YES;
				CLANG_WARN_OBJC_LITERAL_CONVERSION = YES;
				CLANG_WARN_OBJC_ROOT_CLASS = YES_ERROR;
				CLANG_WARN_RANGE_LOOP_ANALYSIS = YES;
				CLANG_WARN_STRICT_PROTOTYPES = YES;
				CLANG_WARN_SUSPICIOUS_MOVE = YES;
				CLANG_WARN_UNGUARDED_AVAILABILITY = YES_AGGRESSIVE;
				CLANG_WARN_UNREACHABLE_CODE = YES;
				CLANG_WARN__DUPLICATE_METHOD_MATCH = YES;
				CODE_SIGN_IDENTITY = "-";
				COPY_PHASE_STRIP = NO;
				DEBUG_INFORMATION_FORMAT = dwarf;
				ENABLE_STRICT_OBJC_MSGSEND = YES;
				ENABLE_TESTABILITY = YES;
				GCC_C_LANGUAGE_STANDARD = gnu11;
				GCC_DYNAMIC_NO_PIC = NO;
				GCC_NO_COMMON_BLOCKS = YES;
				GCC_OPTIMIZATION_LEVEL = 0;
				GCC_PREPROCESSOR_DEFINITIONS = (
					"DEBUG=1",
					"$(inherited)",
				);
				GCC_WARN_64_TO_32_BIT_CONVERSION = YES;
				GCC_WARN_ABOUT_RETURN_TYPE = YES_ERROR;
				GCC_WARN_UNDECLARED_SELECTOR = YES;
				GCC_WARN_UNINITIALIZED_AUTOS = YES_AGGRESSIVE;
				GCC_WARN_UNUSED_FUNCTION = YES;
				GCC_WARN_UNUSED_VARIABLE = YES;
				MACOSX_DEPLOYMENT_TARGET = 10.13;
				MTL_ENABLE_DEBUG_INFO = YES;
				ONLY_ACTIVE_ARCH = YES;
				SDKROOT = macosx;
			};
			name = Debug;
		};
		98D1F5211FDD3A9D00AD5ECF /* Release */ = {
			isa = XCBuildConfiguration;
			buildSettings = {
				ALWAYS_SEARCH_USER_PATHS = NO;
				CLANG_ANALYZER_NONNULL = YES;
				CLANG_ANALYZER_NUMBER_OBJECT_CONVERSION = YES_AGGRESSIVE;
				CLANG_CXX_LANGUAGE_STANDARD = "gnu++14";
				CLANG_CXX_LIBRARY = "libc++";
				CLANG_ENABLE_MODULES = YES;
				CLANG_ENABLE_OBJC_ARC = YES;
				CLANG_WARN_BLOCK_CAPTURE_AUTORELEASING = YES;
				CLANG_WARN_BOOL_CONVERSION = YES;
				CLANG_WARN_COMMA = YES;
				CLANG_WARN_CONSTANT_CONVERSION = YES;
				CLANG_WARN_DIRECT_OBJC_ISA_USAGE = YES_ERROR;
				CLANG_WARN_DOCUMENTATION_COMMENTS = YES;
				CLANG_WARN_EMPTY_BODY = YES;
				CLANG_WARN_ENUM_CONVERSION = YES;
				CLANG_WARN_INFINITE_RECURSION = YES;
				CLANG_WARN_INT_CONVERSION = YES;
				CLANG_WARN_NON_LITERAL_NULL_CONVERSION = YES;
				CLANG_WARN_OBJC_LITERAL_CONVERSION = YES;
				CLANG_WARN_OBJC_ROOT_CLASS = YES_ERROR;
				CLANG_WARN_RANGE_LOOP_ANALYSIS = YES;
				CLANG_WARN_STRICT_PROTOTYPES = YES;
				CLANG_WARN_SUSPICIOUS_MOVE = YES;
				CLANG_WARN_UNGUARDED_AVAILABILITY = YES_AGGRESSIVE;
				CLANG_WARN_UNREACHABLE_CODE = YES;
				CLANG_WARN__DUPLICATE_METHOD_MATCH = YES;
				CODE_SIGN_IDENTITY = "-";
				COPY_PHASE_STRIP = NO;
				DEBUG_INFORMATION_FORMAT = "dwarf-with-dsym";
				ENABLE_NS_ASSERTIONS = NO;
				ENABLE_STRICT_OBJC_MSGSEND = YES;
				GCC_C_LANGUAGE_STANDARD = gnu11;
				GCC_NO_COMMON_BLOCKS = YES;
				GCC_WARN_64_TO_32_BIT_CONVERSION = YES;
				GCC_WARN_ABOUT_RETURN_TYPE = YES_ERROR;
				GCC_WARN_UNDECLARED_SELECTOR = YES;
				GCC_WARN_UNINITIALIZED_AUTOS = YES_AGGRESSIVE;
				GCC_WARN_UNUSED_FUNCTION = YES;
				GCC_WARN_UNUSED_VARIABLE = YES;
				MACOSX_DEPLOYMENT_TARGET = 10.13;
				MTL_ENABLE_DEBUG_INFO = NO;
				SDKROOT = macosx;
			};
			name = Release;
		};
		98D1F5231FDD3A9D00AD5ECF /* Debug */ = {
			isa = XCBuildConfiguration;
			buildSettings = {
				CODE_SIGN_STYLE = Automatic;
				PRODUCT_NAME = "$(TARGET_NAME)";
			};
			name = Debug;
		};
		98D1F5241FDD3A9D00AD5ECF /* Release */ = {
			isa = XCBuildConfiguration;
			buildSettings = {
				CODE_SIGN_STYLE = Automatic;
				PRODUCT_NAME = "$(TARGET_NAME)";
			};
			name = Release;
		};
/* End XCBuildConfiguration section */

/* Begin XCConfigurationList section */
		9896F5BC1FE02397004F0236 /* Build configuration list for PBXNativeTarget "MasPluginLib" */ = {
			isa = XCConfigurationList;
			buildConfigurations = (
				9896F5BA1FE02397004F0236 /* Debug */,
				9896F5BB1FE02397004F0236 /* Release */,
			);
			defaultConfigurationIsVisible = 0;
			defaultConfigurationName = Release;
		};
		98D1F5161FDD3A9D00AD5ECF /* Build configuration list for PBXProject "mas-plugin" */ = {
			isa = XCConfigurationList;
			buildConfigurations = (
				98D1F5201FDD3A9D00AD5ECF /* Debug */,
				98D1F5211FDD3A9D00AD5ECF /* Release */,
			);
			defaultConfigurationIsVisible = 0;
			defaultConfigurationName = Release;
		};
		98D1F5221FDD3A9D00AD5ECF /* Build configuration list for PBXNativeTarget "mas-plugin" */ = {
			isa = XCConfigurationList;
			buildConfigurations = (
				98D1F5231FDD3A9D00AD5ECF /* Debug */,
				98D1F5241FDD3A9D00AD5ECF /* Release */,
			);
			defaultConfigurationIsVisible = 0;
			defaultConfigurationName = Release;
		};
/* End XCConfigurationList section */
	};
	rootObject = 98D1F5131FDD3A9D00AD5ECF /* Project object */;
}
